
Microsoft Visual Studio Solution File, Format Version 12.00
# Visual Studio Version 17
VisualStudioVersion = 17.5.33530.505
MinimumVisualStudioVersion = 10.0.40219.1
Project("{9A19103F-16F7-4668-BE54-9A1E7A4F7556}") = "Calculator", "Calculator.csproj", "{C035689A-9FEE-46D0-BE90-E32FB14CE925}"
EndProject
Project("{FAE04EC0-301F-11D3-BF4B-00C04F79EFBC}") = "Calculator_Tests", "..\Calculator_Tests\Calculator_Tests.csproj", "{CCAF881A-0B2B-42F2-A3D0-7D4F5136F9EB}"
EndProject
Global
	GlobalSection(SolutionConfigurationPlatforms) = preSolution
		Debug|Any CPU = Debug|Any CPU
		Release|Any CPU = Release|Any CPU
	EndGlobalSection
	GlobalSection(ProjectConfigurationPlatforms) = postSolution
		{C035689A-9FEE-46D0-BE90-E32FB14CE925}.Debug|Any CPU.ActiveCfg = Debug|Any CPU
		{C035689A-9FEE-46D0-BE90-E32FB14CE925}.Debug|Any CPU.Build.0 = Debug|Any CPU
		{C035689A-9FEE-46D0-BE90-E32FB14CE925}.Release|Any CPU.ActiveCfg = Release|Any CPU
		{C035689A-9FEE-46D0-BE90-E32FB14CE925}.Release|Any CPU.Build.0 = Release|Any CPU
		{CCAF881A-0B2B-42F2-A3D0-7D4F5136F9EB}.Debug|Any CPU.ActiveCfg = Debug|Any CPU
		{CCAF881A-0B2B-42F2-A3D0-7D4F5136F9EB}.Debug|Any CPU.Build.0 = Debug|Any CPU
		{CCAF881A-0B2B-42F2-A3D0-7D4F5136F9EB}.Release|Any CPU.ActiveCfg = Release|Any CPU
		{CCAF881A-0B2B-42F2-A3D0-7D4F5136F9EB}.Release|Any CPU.Build.0 = Release|Any CPU
	EndGlobalSection
	GlobalSection(SolutionProperties) = preSolution
		HideSolutionNode = FALSE
	EndGlobalSection
	GlobalSection(ExtensibilityGlobals) = postSolution
		SolutionGuid = {4F9104B7-6C4B-44C4-B3B2-1CCC502077BF}
	EndGlobalSection
EndGlobal
